
Microsoft Visual Studio Solution File, Format Version 12.00
# Visual Studio Version 17
VisualStudioVersion = 17.5.33530.505
MinimumVisualStudioVersion = 10.0.40219.1
Project("{2150E333-8FDC-42A3-9474-1A3956D46DE8}") = "FrontEnd", "FrontEnd", "{31BDB564-4AC3-471D-BCCA-E2E3DBDFDA00}"
EndProject
Project("{2150E333-8FDC-42A3-9474-1A3956D46DE8}") = "Services", "Services", "{B56FD550-D607-4E0B-A7C9-C574688E7C64}"
EndProject
Project("{FAE04EC0-301F-11D3-BF4B-00C04F79EFBC}") = "GeekShopping.Web", "GeekShopping.Web\GeekShopping.Web.csproj", "{6E94BB37-6704-4B81-94F1-CD842B817DF9}"
EndProject
Project("{FAE04EC0-301F-11D3-BF4B-00C04F79EFBC}") = "GeekShopping.ProductAPI", "GeekShopping.ProductAPI\GeekShopping.ProductAPI.csproj", "{EDC1F959-A256-4D70-8AE2-AB695EBA3131}"
EndProject
Global
	GlobalSection(SolutionConfigurationPlatforms) = preSolution
		Debug|Any CPU = Debug|Any CPU
		Release|Any CPU = Release|Any CPU
	EndGlobalSection
	GlobalSection(ProjectConfigurationPlatforms) = postSolution
		{6E94BB37-6704-4B81-94F1-CD842B817DF9}.Debug|Any CPU.ActiveCfg = Debug|Any CPU
		{6E94BB37-6704-4B81-94F1-CD842B817DF9}.Debug|Any CPU.Build.0 = Debug|Any CPU
		{6E94BB37-6704-4B81-94F1-CD842B817DF9}.Release|Any CPU.ActiveCfg = Release|Any CPU
		{6E94BB37-6704-4B81-94F1-CD842B817DF9}.Release|Any CPU.Build.0 = Release|Any CPU
		{EDC1F959-A256-4D70-8AE2-AB695EBA3131}.Debug|Any CPU.ActiveCfg = Debug|Any CPU
		{EDC1F959-A256-4D70-8AE2-AB695EBA3131}.Debug|Any CPU.Build.0 = Debug|Any CPU
		{EDC1F959-A256-4D70-8AE2-AB695EBA3131}.Release|Any CPU.ActiveCfg = Release|Any CPU
		{EDC1F959-A256-4D70-8AE2-AB695EBA3131}.Release|Any CPU.Build.0 = Release|Any CPU
	EndGlobalSection
	GlobalSection(SolutionProperties) = preSolution
		HideSolutionNode = FALSE
	EndGlobalSection
	GlobalSection(NestedProjects) = preSolution
		{6E94BB37-6704-4B81-94F1-CD842B817DF9} = {31BDB564-4AC3-471D-BCCA-E2E3DBDFDA00}
		{EDC1F959-A256-4D70-8AE2-AB695EBA3131} = {B56FD550-D607-4E0B-A7C9-C574688E7C64}
	EndGlobalSection
	GlobalSection(ExtensibilityGlobals) = postSolution
		SolutionGuid = {84136C68-D743-4C89-8A25-4AAA986726B0}
	EndGlobalSection
EndGlobal
